
Microsoft Visual Studio Solution File, Format Version 12.00
# Visual Studio Version 17
VisualStudioVersion = 17.0.31903.59
MinimumVisualStudioVersion = 10.0.40219.1
Project("{2150E333-8FDC-42A3-9474-1A3956D46DE8}") = "src", "src", "{827E0CD3-B72D-47B6-A68D-7590B98EB39B}"
EndProject
Project("{FAE04EC0-301F-11D3-BF4B-00C04F79EFBC}") = "Matchmaking.Shared", "src\Matchmaking.Shared\Matchmaking.Shared.csproj", "{DCD77179-4168-4F52-B27C-33B2E564C861}"
EndProject
Project("{FAE04EC0-301F-11D3-BF4B-00C04F79EFBC}") = "Matchmaking.Api", "src\Matchmaking.Api\Matchmaking.Api.csproj", "{5CCCA19B-BB4F-4357-87B5-0AF53718FD2D}"
EndProject
Project("{FAE04EC0-301F-11D3-BF4B-00C04F79EFBC}") = "Matchmaking.Storage", "src\Matchmaking.Storage\Matchmaking.Storage.csproj", "{A86185B8-2BB6-4174-9404-57EC5E53AB58}"
EndProject
Project("{FAE04EC0-301F-11D3-BF4B-00C04F79EFBC}") = "Matchmaking.Worker", "src\Matchmaking.Worker\Matchmaking.Worker.csproj", "{9F119BD5-5102-47CC-860B-8F5902979B80}"
EndProject
Project("{FAE04EC0-301F-11D3-BF4B-00C04F79EFBC}") = "Matchmaking.MockGameServer", "src\Matchmaking.MockGameServer\Matchmaking.MockGameServer.csproj", "{DBE826F2-F5A1-4B0D-8EDE-0F5B5557F23D}"
EndProject
Project("{2150E333-8FDC-42A3-9474-1A3956D46DE8}") = "tests", "tests", "{0AB3BF05-4346-4AA6-1389-037BE0695223}"
EndProject
Project("{FAE04EC0-301F-11D3-BF4B-00C04F79EFBC}") = "Matchmaking.Tests", "tests\Matchmaking.Tests\Matchmaking.Tests.csproj", "{EC89E822-0532-4914-A6EB-926E56BF64C4}"
EndProject
Global
	GlobalSection(SolutionConfigurationPlatforms) = preSolution
		Debug|Any CPU = Debug|Any CPU
		Debug|x64 = Debug|x64
		Debug|x86 = Debug|x86
		Release|Any CPU = Release|Any CPU
		Release|x64 = Release|x64
		Release|x86 = Release|x86
	EndGlobalSection
	GlobalSection(ProjectConfigurationPlatforms) = postSolution
		{DCD77179-4168-4F52-B27C-33B2E564C861}.Debug|Any CPU.ActiveCfg = Debug|Any CPU
		{DCD77179-4168-4F52-B27C-33B2E564C861}.Debug|Any CPU.Build.0 = Debug|Any CPU
		{DCD77179-4168-4F52-B27C-33B2E564C861}.Debug|x64.ActiveCfg = Debug|Any CPU
		{DCD77179-4168-4F52-B27C-33B2E564C861}.Debug|x64.Build.0 = Debug|Any CPU
		{DCD77179-4168-4F52-B27C-33B2E564C861}.Debug|x86.ActiveCfg = Debug|Any CPU
		{DCD77179-4168-4F52-B27C-33B2E564C861}.Debug|x86.Build.0 = Debug|Any CPU
		{DCD77179-4168-4F52-B27C-33B2E564C861}.Release|Any CPU.ActiveCfg = Release|Any CPU
		{DCD77179-4168-4F52-B27C-33B2E564C861}.Release|Any CPU.Build.0 = Release|Any CPU
		{DCD77179-4168-4F52-B27C-33B2E564C861}.Release|x64.ActiveCfg = Release|Any CPU
		{DCD77179-4168-4F52-B27C-33B2E564C861}.Release|x64.Build.0 = Release|Any CPU
		{DCD77179-4168-4F52-B27C-33B2E564C861}.Release|x86.ActiveCfg = Release|Any CPU
		{DCD77179-4168-4F52-B27C-33B2E564C861}.Release|x86.Build.0 = Release|Any CPU
		{5CCCA19B-BB4F-4357-87B5-0AF53718FD2D}.Debug|Any CPU.ActiveCfg = Debug|Any CPU
		{5CCCA19B-BB4F-4357-87B5-0AF53718FD2D}.Debug|Any CPU.Build.0 = Debug|Any CPU
		{5CCCA19B-BB4F-4357-87B5-0AF53718FD2D}.Debug|x64.ActiveCfg = Debug|Any CPU
		{5CCCA19B-BB4F-4357-87B5-0AF53718FD2D}.Debug|x64.Build.0 = Debug|Any CPU
		{5CCCA19B-BB4F-4357-87B5-0AF53718FD2D}.Debug|x86.ActiveCfg = Debug|Any CPU
		{5CCCA19B-BB4F-4357-87B5-0AF53718FD2D}.Debug|x86.Build.0 = Debug|Any CPU
		{5CCCA19B-BB4F-4357-87B5-0AF53718FD2D}.Release|Any CPU.ActiveCfg = Release|Any CPU
		{5CCCA19B-BB4F-4357-87B5-0AF53718FD2D}.Release|Any CPU.Build.0 = Release|Any CPU
		{5CCCA19B-BB4F-4357-87B5-0AF53718FD2D}.Release|x64.ActiveCfg = Release|Any CPU
		{5CCCA19B-BB4F-4357-87B5-0AF53718FD2D}.Release|x64.Build.0 = Release|Any CPU
		{5CCCA19B-BB4F-4357-87B5-0AF53718FD2D}.Release|x86.ActiveCfg = Release|Any CPU
		{5CCCA19B-BB4F-4357-87B5-0AF53718FD2D}.Release|x86.Build.0 = Release|Any CPU
		{A86185B8-2BB6-4174-9404-57EC5E53AB58}.Debug|Any CPU.ActiveCfg = Debug|Any CPU
		{A86185B8-2BB6-4174-9404-57EC5E53AB58}.Debug|Any CPU.Build.0 = Debug|Any CPU
		{A86185B8-2BB6-4174-9404-57EC5E53AB58}.Debug|x64.ActiveCfg = Debug|Any CPU
		{A86185B8-2BB6-4174-9404-57EC5E53AB58}.Debug|x64.Build.0 = Debug|Any CPU
		{A86185B8-2BB6-4174-9404-57EC5E53AB58}.Debug|x86.ActiveCfg = Debug|Any CPU
		{A86185B8-2BB6-4174-9404-57EC5E53AB58}.Debug|x86.Build.0 = Debug|Any CPU
		{A86185B8-2BB6-4174-9404-57EC5E53AB58}.Release|Any CPU.ActiveCfg = Release|Any CPU
		{A86185B8-2BB6-4174-9404-57EC5E53AB58}.Release|Any CPU.Build.0 = Release|Any CPU
		{A86185B8-2BB6-4174-9404-57EC5E53AB58}.Release|x64.ActiveCfg = Release|Any CPU
		{A86185B8-2BB6-4174-9404-57EC5E53AB58}.Release|x64.Build.0 = Release|Any CPU
		{A86185B8-2BB6-4174-9404-57EC5E53AB58}.Release|x86.ActiveCfg = Release|Any CPU
		{A86185B8-2BB6-4174-9404-57EC5E53AB58}.Release|x86.Build.0 = Release|Any CPU
		{9F119BD5-5102-47CC-860B-8F5902979B80}.Debug|Any CPU.ActiveCfg = Debug|Any CPU
		{9F119BD5-5102-47CC-860B-8F5902979B80}.Debug|Any CPU.Build.0 = Debug|Any CPU
		{9F119BD5-5102-47CC-860B-8F5902979B80}.Debug|x64.ActiveCfg = Debug|Any CPU
		{9F119BD5-5102-47CC-860B-8F5902979B80}.Debug|x64.Build.0 = Debug|Any CPU
		{9F119BD5-5102-47CC-860B-8F5902979B80}.Debug|x86.ActiveCfg = Debug|Any CPU
		{9F119BD5-5102-47CC-860B-8F5902979B80}.Debug|x86.Build.0 = Debug|Any CPU
		{9F119BD5-5102-47CC-860B-8F5902979B80}.Release|Any CPU.ActiveCfg = Release|Any CPU
		{9F119BD5-5102-47CC-860B-8F5902979B80}.Release|Any CPU.Build.0 = Release|Any CPU
		{9F119BD5-5102-47CC-860B-8F5902979B80}.Release|x64.ActiveCfg = Release|Any CPU
		{9F119BD5-5102-47CC-860B-8F5902979B80}.Release|x64.Build.0 = Release|Any CPU
		{9F119BD5-5102-47CC-860B-8F5902979B80}.Release|x86.ActiveCfg = Release|Any CPU
		{9F119BD5-5102-47CC-860B-8F5902979B80}.Release|x86.Build.0 = Release|Any CPU
		{EC89E822-0532-4914-A6EB-926E56BF64C4}.Debug|Any CPU.ActiveCfg = Debug|Any CPU
		{EC89E822-0532-4914-A6EB-926E56BF64C4}.Debug|Any CPU.Build.0 = Debug|Any CPU
		{EC89E822-0532-4914-A6EB-926E56BF64C4}.Debug|x64.ActiveCfg = Debug|Any CPU
		{EC89E822-0532-4914-A6EB-926E56BF64C4}.Debug|x64.Build.0 = Debug|Any CPU
		{EC89E822-0532-4914-A6EB-926E56BF64C4}.Debug|x86.ActiveCfg = Debug|Any CPU
		{EC89E822-0532-4914-A6EB-926E56BF64C4}.Debug|x86.Build.0 = Debug|Any CPU
		{EC89E822-0532-4914-A6EB-926E56BF64C4}.Release|Any CPU.ActiveCfg = Release|Any CPU
		{EC89E822-0532-4914-A6EB-926E56BF64C4}.Release|Any CPU.Build.0 = Release|Any CPU
		{EC89E822-0532-4914-A6EB-926E56BF64C4}.Release|x64.ActiveCfg = Release|Any CPU
		{EC89E822-0532-4914-A6EB-926E56BF64C4}.Release|x64.Build.0 = Release|Any CPU
		{EC89E822-0532-4914-A6EB-926E56BF64C4}.Release|x86.ActiveCfg = Release|Any CPU
		{EC89E822-0532-4914-A6EB-926E56BF64C4}.Release|x86.Build.0 = Release|Any CPU
	EndGlobalSection
	GlobalSection(SolutionProperties) = preSolution
		HideSolutionNode = FALSE
	EndGlobalSection
	GlobalSection(NestedProjects) = preSolution
		{DCD77179-4168-4F52-B27C-33B2E564C861} = {827E0CD3-B72D-47B6-A68D-7590B98EB39B}
		{5CCCA19B-BB4F-4357-87B5-0AF53718FD2D} = {827E0CD3-B72D-47B6-A68D-7590B98EB39B}
		{A86185B8-2BB6-4174-9404-57EC5E53AB58} = {827E0CD3-B72D-47B6-A68D-7590B98EB39B}
		{9F119BD5-5102-47CC-860B-8F5902979B80} = {827E0CD3-B72D-47B6-A68D-7590B98EB39B}
		{EC89E822-0532-4914-A6EB-926E56BF64C4} = {0AB3BF05-4346-4AA6-1389-037BE0695223}
	EndGlobalSection
EndGlobal
